# This file is automatically @generated by Cargo.
# It is not intended for manual editing.
version = 4

[[package]]
name = "five8"
version = "1.0.0"
source = "registry+https://github.com/rust-lang/crates.io-index"
checksum = "23f76610e969fa1784327ded240f1e28a3fd9520c9cec93b636fcf62dd37f772"
dependencies = [
 "five8_core",
]

[[package]]
name = "five8_const"
version = "1.0.0"
source = "registry+https://github.com/rust-lang/crates.io-index"
checksum = "1a0f1728185f277989ca573a402716ae0beaaea3f76a8ff87ef9dd8fb19436c5"
dependencies = [
 "five8_core",
]

[[package]]
name = "five8_core"
version = "1.0.0"
source = "registry+https://github.com/rust-lang/crates.io-index"
checksum = "059c31d7d36c43fe39d89e55711858b4da8be7eb6dabac23c7289b1a19489406"

[[package]]
name = "multisig-pinocchio"
version = "0.1.0"
dependencies = [
 "pinocchio",
 "pinocchio-system",
 "solana-define-syscall 4.0.1",
 "solana-program-error",
]

[[package]]
name = "pinocchio"
version = "0.11.1"
source = "registry+https://github.com/rust-lang/crates.io-index"
checksum = "d707cea2843c1a2fd8ec49e4116ce3fdaedcd552a3ee168b03ce60e627fc0f62"
dependencies = [
 "solana-account-view",
 "solana-address",
 "solana-define-syscall 5.0.0",
 "solana-instruction-view",
 "solana-program-error",
]

[[package]]
name = "pinocchio-system"
version = "0.6.0"
source = "registry+https://github.com/rust-lang/crates.io-index"
checksum = "b47216785b5877051afa074920e88b5990c4ce74f0da94c7cb5a139684c48ffe"
dependencies = [
 "pinocchio",
 "solana-address",
]

[[package]]
name = "solana-account-view"
version = "2.0.0"
source = "registry+https://github.com/rust-lang/crates.io-index"
checksum = "fc141b940560430425ebaadb7645496c45f6a10fad9911d719bd03eab7f4d422"
dependencies = [
 "solana-address",
 "solana-program-error",
]

[[package]]
name = "solana-address"
version = "2.6.0"
source = "registry+https://github.com/rust-lang/crates.io-index"
checksum = "f1384b52c435a750cc9c538760fc7bb472fd78e65a9900a2d07312c5bb335b72"
dependencies = [
 "five8",
 "five8_const",
 "solana-define-syscall 5.0.0",
 "solana-program-error",
]

[[package]]
name = "solana-define-syscall"
version = "4.0.1"
source = "registry+https://github.com/rust-lang/crates.io-index"
checksum = "57e5b1c0bc1d4a4d10c88a4100499d954c09d3fecfae4912c1a074dff68b1738"

[[package]]
name = "solana-define-syscall"
version = "5.0.0"
source = "registry+https://github.com/rust-lang/crates.io-index"
checksum = "03aacdd7a61e2109887a7a7f046caebafce97ddf1150f33722eeac04f9039c73"

[[package]]
name = "solana-instruction-view"
version = "2.1.0"
source = "registry+https://github.com/rust-lang/crates.io-index"
checksum = "6ab7a27d0c4214b9f7389c3dd00b68c93093a67f1dcc5b7893aebe299bbcbb47"
dependencies = [
 "solana-account-view",
 "solana-address",
 "solana-define-syscall 5.0.0",
 "solana-program-error",
]

[[package]]
name = "solana-program-error"
version = "3.0.1"
source = "registry+https://github.com/rust-lang/crates.io-index"
checksum = "4f04fa578707b3612b095f0c8e19b66a1233f7c42ca8082fcb3b745afcc0add6"
